
Microsoft Visual Studio Solution File, Format Version 12.00
# Visual Studio Version 16
VisualStudioVersion = 16.0.29102.190
MinimumVisualStudioVersion = 10.0.40219.1
Project("{FAE04EC0-301F-11D3-BF4B-00C04F79EFBC}") = "GSA.UnliquidatedObligations.UploadTable", "src\GSA.UnliquidatedObligations.UploadTable\GSA.UnliquidatedObligations.UploadTable.csproj", "{15A9F264-48D6-4BD5-A787-93F01091A957}"
EndProject
Project("{FAE04EC0-301F-11D3-BF4B-00C04F79EFBC}") = "GSA.UnliquidatedObligations.BusinessLayer", "src\GSA.UnliquidatedObligations.BusinessLayer\GSA.UnliquidatedObligations.BusinessLayer.csproj", "{DEC1AC2C-ED6F-494C-996D-9F58E0AD5112}"
EndProject
Project("{FAE04EC0-301F-11D3-BF4B-00C04F79EFBC}") = "GSA.UnliquidatedObligations.Web", "src\GSA.UnliquidatedObligations.Web\GSA.UnliquidatedObligations.Web.csproj", "{D81A6DBD-0915-4485-A83C-1971FB1507EB}"
EndProject
Project("{2150E333-8FDC-42A3-9474-1A3956D46DE8}") = ".NET Framework", ".NET Framework", "{2A73E449-9C40-4406-A832-A243DDE55041}"
EndProject
Project("{2150E333-8FDC-42A3-9474-1A3956D46DE8}") = "Solution Items", "Solution Items", "{F6BA09E3-BC9C-4FEE-8F1D-7F31F4207A84}"
	ProjectSection(SolutionItems) = preProject
		.editorconfig = .editorconfig
	EndProjectSection
EndProject
Global
	GlobalSection(SolutionConfigurationPlatforms) = preSolution
		Debug|Any CPU = Debug|Any CPU
		Release|Any CPU = Release|Any CPU
	EndGlobalSection
	GlobalSection(ProjectConfigurationPlatforms) = postSolution
		{15A9F264-48D6-4BD5-A787-93F01091A957}.Debug|Any CPU.ActiveCfg = Debug|Any CPU
		{15A9F264-48D6-4BD5-A787-93F01091A957}.Debug|Any CPU.Build.0 = Debug|Any CPU
		{15A9F264-48D6-4BD5-A787-93F01091A957}.Release|Any CPU.ActiveCfg = Release|Any CPU
		{15A9F264-48D6-4BD5-A787-93F01091A957}.Release|Any CPU.Build.0 = Release|Any CPU
		{DEC1AC2C-ED6F-494C-996D-9F58E0AD5112}.Debug|Any CPU.ActiveCfg = Debug|Any CPU
		{DEC1AC2C-ED6F-494C-996D-9F58E0AD5112}.Debug|Any CPU.Build.0 = Debug|Any CPU
		{DEC1AC2C-ED6F-494C-996D-9F58E0AD5112}.Release|Any CPU.ActiveCfg = Release|Any CPU
		{DEC1AC2C-ED6F-494C-996D-9F58E0AD5112}.Release|Any CPU.Build.0 = Release|Any CPU
		{D81A6DBD-0915-4485-A83C-1971FB1507EB}.Debug|Any CPU.ActiveCfg = Debug|Any CPU
		{D81A6DBD-0915-4485-A83C-1971FB1507EB}.Debug|Any CPU.Build.0 = Debug|Any CPU
		{D81A6DBD-0915-4485-A83C-1971FB1507EB}.Release|Any CPU.ActiveCfg = Release|Any CPU
		{D81A6DBD-0915-4485-A83C-1971FB1507EB}.Release|Any CPU.Build.0 = Release|Any CPU
	EndGlobalSection
	GlobalSection(SolutionProperties) = preSolution
		HideSolutionNode = FALSE
	EndGlobalSection
	GlobalSection(NestedProjects) = preSolution
		{15A9F264-48D6-4BD5-A787-93F01091A957} = {2A73E449-9C40-4406-A832-A243DDE55041}
		{DEC1AC2C-ED6F-494C-996D-9F58E0AD5112} = {2A73E449-9C40-4406-A832-A243DDE55041}
		{D81A6DBD-0915-4485-A83C-1971FB1507EB} = {2A73E449-9C40-4406-A832-A243DDE55041}
	EndGlobalSection
	GlobalSection(ExtensibilityGlobals) = postSolution
		SolutionGuid = {89A43CCC-DFA6-41A3-A64D-75CEA0E68B9B}
	EndGlobalSection
EndGlobal
