
Microsoft Visual Studio Solution File, Format Version 12.00
# Visual Studio Version 16
VisualStudioVersion = 16.0.28803.202
MinimumVisualStudioVersion = 10.0.40219.1
Project("{9A19103F-16F7-4668-BE54-9A1E7A4F7556}") = "GSA.UnliquidatedObligations.Web.Core", "src\GSA.UnliquidatedObligations.Web2\GSA.UnliquidatedObligations.Web.Core.csproj", "{7AC41DAD-6A4C-49DC-9303-6E6EC610E746}"
EndProject
Project("{9A19103F-16F7-4668-BE54-9A1E7A4F7556}") = "GSA.UnliquidatedObligations.BusinessLayer.Core", "src\GSA.UnliquidatedObligations.BusinessLayer.Core\GSA.UnliquidatedObligations.BusinessLayer.Core.csproj", "{C247497B-77FB-44A5-9F20-61938F9FDACD}"
EndProject
Project("{2150E333-8FDC-42A3-9474-1A3956D46DE8}") = "Solution Items", "Solution Items", "{F6BA09E3-BC9C-4FEE-8F1D-7F31F4207A84}"
	ProjectSection(SolutionItems) = preProject
		.editorconfig = .editorconfig
	EndProjectSection
EndProject
Project("{9A19103F-16F7-4668-BE54-9A1E7A4F7556}") = "GSA.Authentication.LegacyFormsAuthentication", "src\GSA.Authentication.LegacyFormsAuthentication\GSA.Authentication.LegacyFormsAuthentication.csproj", "{424C0947-08AA-4FE2-A687-13C60495CA66}"
EndProject
Project("{9A19103F-16F7-4668-BE54-9A1E7A4F7556}") = "GSA.UnliquidatedObligations.UploadTable.Core", "src\GSA.UnliquidatedObligations.UploadTable.Core\GSA.UnliquidatedObligations.UploadTable.Core.csproj", "{793915B8-26D0-4E44-8F77-9DDBCCA33791}"
EndProject
Global
	GlobalSection(SolutionConfigurationPlatforms) = preSolution
		Debug|Any CPU = Debug|Any CPU
		Release|Any CPU = Release|Any CPU
	EndGlobalSection
	GlobalSection(ProjectConfigurationPlatforms) = postSolution
		{7AC41DAD-6A4C-49DC-9303-6E6EC610E746}.Debug|Any CPU.ActiveCfg = Debug|Any CPU
		{7AC41DAD-6A4C-49DC-9303-6E6EC610E746}.Debug|Any CPU.Build.0 = Debug|Any CPU
		{7AC41DAD-6A4C-49DC-9303-6E6EC610E746}.Release|Any CPU.ActiveCfg = Release|Any CPU
		{7AC41DAD-6A4C-49DC-9303-6E6EC610E746}.Release|Any CPU.Build.0 = Release|Any CPU
		{C247497B-77FB-44A5-9F20-61938F9FDACD}.Debug|Any CPU.ActiveCfg = Debug|Any CPU
		{C247497B-77FB-44A5-9F20-61938F9FDACD}.Debug|Any CPU.Build.0 = Debug|Any CPU
		{C247497B-77FB-44A5-9F20-61938F9FDACD}.Release|Any CPU.ActiveCfg = Release|Any CPU
		{C247497B-77FB-44A5-9F20-61938F9FDACD}.Release|Any CPU.Build.0 = Release|Any CPU
		{424C0947-08AA-4FE2-A687-13C60495CA66}.Debug|Any CPU.ActiveCfg = Debug|Any CPU
		{424C0947-08AA-4FE2-A687-13C60495CA66}.Debug|Any CPU.Build.0 = Debug|Any CPU
		{424C0947-08AA-4FE2-A687-13C60495CA66}.Release|Any CPU.ActiveCfg = Release|Any CPU
		{424C0947-08AA-4FE2-A687-13C60495CA66}.Release|Any CPU.Build.0 = Release|Any CPU
		{793915B8-26D0-4E44-8F77-9DDBCCA33791}.Debug|Any CPU.ActiveCfg = Debug|Any CPU
		{793915B8-26D0-4E44-8F77-9DDBCCA33791}.Debug|Any CPU.Build.0 = Debug|Any CPU
		{793915B8-26D0-4E44-8F77-9DDBCCA33791}.Release|Any CPU.ActiveCfg = Release|Any CPU
		{793915B8-26D0-4E44-8F77-9DDBCCA33791}.Release|Any CPU.Build.0 = Release|Any CPU
	EndGlobalSection
	GlobalSection(SolutionProperties) = preSolution
		HideSolutionNode = FALSE
	EndGlobalSection
	GlobalSection(ExtensibilityGlobals) = postSolution
		SolutionGuid = {89A43CCC-DFA6-41A3-A64D-75CEA0E68B9B}
	EndGlobalSection
EndGlobal
